
Microsoft Visual Studio Solution File, Format Version 12.00
# Visual Studio Version 16
VisualStudioVersion = 16.0.31112.23
MinimumVisualStudioVersion = 10.0.40219.1
Project("{FAE04EC0-301F-11D3-BF4B-00C04F79EFBC}") = "teht11", "teht11\teht11.csproj", "{70518898-B482-43B6-971E-60FFCC231BCD}"
EndProject
Global
	GlobalSection(SolutionConfigurationPlatforms) = preSolution
		Debug|Any CPU = Debug|Any CPU
		Release|Any CPU = Release|Any CPU
	EndGlobalSection
	GlobalSection(ProjectConfigurationPlatforms) = postSolution
		{70518898-B482-43B6-971E-60FFCC231BCD}.Debug|Any CPU.ActiveCfg = Debug|Any CPU
		{70518898-B482-43B6-971E-60FFCC231BCD}.Debug|Any CPU.Build.0 = Debug|Any CPU
		{70518898-B482-43B6-971E-60FFCC231BCD}.Release|Any CPU.ActiveCfg = Release|Any CPU
		{70518898-B482-43B6-971E-60FFCC231BCD}.Release|Any CPU.Build.0 = Release|Any CPU
	EndGlobalSection
	GlobalSection(SolutionProperties) = preSolution
		HideSolutionNode = FALSE
	EndGlobalSection
	GlobalSection(ExtensibilityGlobals) = postSolution
		SolutionGuid = {F8ED0F4B-40B2-447F-93FE-97AE97E5B9E1}
	EndGlobalSection
EndGlobal
