
Microsoft Visual Studio Solution File, Format Version 12.00
# Visual Studio Version 16
VisualStudioVersion = 16.0.31205.134
MinimumVisualStudioVersion = 10.0.40219.1
Project("{FAE04EC0-301F-11D3-BF4B-00C04F79EFBC}") = "teht20", "teht20\teht20.csproj", "{5FB727B3-A088-4FF8-8C48-A12348EBD778}"
EndProject
Global
	GlobalSection(SolutionConfigurationPlatforms) = preSolution
		Debug|Any CPU = Debug|Any CPU
		Release|Any CPU = Release|Any CPU
	EndGlobalSection
	GlobalSection(ProjectConfigurationPlatforms) = postSolution
		{5FB727B3-A088-4FF8-8C48-A12348EBD778}.Debug|Any CPU.ActiveCfg = Debug|Any CPU
		{5FB727B3-A088-4FF8-8C48-A12348EBD778}.Debug|Any CPU.Build.0 = Debug|Any CPU
		{5FB727B3-A088-4FF8-8C48-A12348EBD778}.Release|Any CPU.ActiveCfg = Release|Any CPU
		{5FB727B3-A088-4FF8-8C48-A12348EBD778}.Release|Any CPU.Build.0 = Release|Any CPU
	EndGlobalSection
	GlobalSection(SolutionProperties) = preSolution
		HideSolutionNode = FALSE
	EndGlobalSection
	GlobalSection(ExtensibilityGlobals) = postSolution
		SolutionGuid = {B71D715E-8101-47E5-A9E5-F1FC3E6066B3}
	EndGlobalSection
EndGlobal
