
Microsoft Visual Studio Solution File, Format Version 12.00
# Visual Studio Version 16
VisualStudioVersion = 16.0.31205.134
MinimumVisualStudioVersion = 10.0.40219.1
Project("{FAE04EC0-301F-11D3-BF4B-00C04F79EFBC}") = "teht12", "teht12\teht12.csproj", "{13CC80E6-0457-4ED5-B5A7-C1D5F974621C}"
EndProject
Global
	GlobalSection(SolutionConfigurationPlatforms) = preSolution
		Debug|Any CPU = Debug|Any CPU
		Release|Any CPU = Release|Any CPU
	EndGlobalSection
	GlobalSection(ProjectConfigurationPlatforms) = postSolution
		{13CC80E6-0457-4ED5-B5A7-C1D5F974621C}.Debug|Any CPU.ActiveCfg = Debug|Any CPU
		{13CC80E6-0457-4ED5-B5A7-C1D5F974621C}.Debug|Any CPU.Build.0 = Debug|Any CPU
		{13CC80E6-0457-4ED5-B5A7-C1D5F974621C}.Release|Any CPU.ActiveCfg = Release|Any CPU
		{13CC80E6-0457-4ED5-B5A7-C1D5F974621C}.Release|Any CPU.Build.0 = Release|Any CPU
	EndGlobalSection
	GlobalSection(SolutionProperties) = preSolution
		HideSolutionNode = FALSE
	EndGlobalSection
	GlobalSection(ExtensibilityGlobals) = postSolution
		SolutionGuid = {A5EE7506-606C-44A3-A35F-10ABBE5BA09A}
	EndGlobalSection
EndGlobal
