
Microsoft Visual Studio Solution File, Format Version 12.00
# Visual Studio Version 16
VisualStudioVersion = 16.0.31205.134
MinimumVisualStudioVersion = 10.0.40219.1
Project("{FAE04EC0-301F-11D3-BF4B-00C04F79EFBC}") = "teht 17_2", "teht 17_2\teht 17_2.csproj", "{7E4E2283-3CAE-4D49-BEF1-F2E3C2D5F098}"
EndProject
Global
	GlobalSection(SolutionConfigurationPlatforms) = preSolution
		Debug|Any CPU = Debug|Any CPU
		Release|Any CPU = Release|Any CPU
	EndGlobalSection
	GlobalSection(ProjectConfigurationPlatforms) = postSolution
		{7E4E2283-3CAE-4D49-BEF1-F2E3C2D5F098}.Debug|Any CPU.ActiveCfg = Debug|Any CPU
		{7E4E2283-3CAE-4D49-BEF1-F2E3C2D5F098}.Debug|Any CPU.Build.0 = Debug|Any CPU
		{7E4E2283-3CAE-4D49-BEF1-F2E3C2D5F098}.Release|Any CPU.ActiveCfg = Release|Any CPU
		{7E4E2283-3CAE-4D49-BEF1-F2E3C2D5F098}.Release|Any CPU.Build.0 = Release|Any CPU
	EndGlobalSection
	GlobalSection(SolutionProperties) = preSolution
		HideSolutionNode = FALSE
	EndGlobalSection
	GlobalSection(ExtensibilityGlobals) = postSolution
		SolutionGuid = {024DB451-7C65-4713-B9D4-68D4E4DEE6B0}
	EndGlobalSection
EndGlobal
