
Microsoft Visual Studio Solution File, Format Version 12.00
# Visual Studio Version 16
VisualStudioVersion = 16.0.31205.134
MinimumVisualStudioVersion = 10.0.40219.1
Project("{FAE04EC0-301F-11D3-BF4B-00C04F79EFBC}") = "teht8_2", "teht8_2\teht8_2.csproj", "{259244DC-E081-43CB-A278-D404F606C830}"
EndProject
Global
	GlobalSection(SolutionConfigurationPlatforms) = preSolution
		Debug|Any CPU = Debug|Any CPU
		Release|Any CPU = Release|Any CPU
	EndGlobalSection
	GlobalSection(ProjectConfigurationPlatforms) = postSolution
		{259244DC-E081-43CB-A278-D404F606C830}.Debug|Any CPU.ActiveCfg = Debug|Any CPU
		{259244DC-E081-43CB-A278-D404F606C830}.Debug|Any CPU.Build.0 = Debug|Any CPU
		{259244DC-E081-43CB-A278-D404F606C830}.Release|Any CPU.ActiveCfg = Release|Any CPU
		{259244DC-E081-43CB-A278-D404F606C830}.Release|Any CPU.Build.0 = Release|Any CPU
	EndGlobalSection
	GlobalSection(SolutionProperties) = preSolution
		HideSolutionNode = FALSE
	EndGlobalSection
	GlobalSection(ExtensibilityGlobals) = postSolution
		SolutionGuid = {546622BB-E60D-4D5D-881E-3F5D8020423F}
	EndGlobalSection
EndGlobal
