
Microsoft Visual Studio Solution File, Format Version 12.00
# Visual Studio Version 16
VisualStudioVersion = 16.0.31112.23
MinimumVisualStudioVersion = 10.0.40219.1
Project("{FAE04EC0-301F-11D3-BF4B-00C04F79EFBC}") = "teht10", "teht10\teht10.csproj", "{C9E695C0-05F2-446E-8093-FF1BD3E56395}"
EndProject
Global
	GlobalSection(SolutionConfigurationPlatforms) = preSolution
		Debug|Any CPU = Debug|Any CPU
		Release|Any CPU = Release|Any CPU
	EndGlobalSection
	GlobalSection(ProjectConfigurationPlatforms) = postSolution
		{C9E695C0-05F2-446E-8093-FF1BD3E56395}.Debug|Any CPU.ActiveCfg = Debug|Any CPU
		{C9E695C0-05F2-446E-8093-FF1BD3E56395}.Debug|Any CPU.Build.0 = Debug|Any CPU
		{C9E695C0-05F2-446E-8093-FF1BD3E56395}.Release|Any CPU.ActiveCfg = Release|Any CPU
		{C9E695C0-05F2-446E-8093-FF1BD3E56395}.Release|Any CPU.Build.0 = Release|Any CPU
	EndGlobalSection
	GlobalSection(SolutionProperties) = preSolution
		HideSolutionNode = FALSE
	EndGlobalSection
	GlobalSection(ExtensibilityGlobals) = postSolution
		SolutionGuid = {1BF97D35-7544-412B-BB56-93BE660DD2FC}
	EndGlobalSection
EndGlobal
