
Microsoft Visual Studio Solution File, Format Version 12.00
# Visual Studio Version 16
VisualStudioVersion = 16.0.31205.134
MinimumVisualStudioVersion = 10.0.40219.1
Project("{FAE04EC0-301F-11D3-BF4B-00C04F79EFBC}") = "teht1", "teht1\teht1.csproj", "{2E0DC319-253A-47AC-992A-6DAD155F2048}"
EndProject
Global
	GlobalSection(SolutionConfigurationPlatforms) = preSolution
		Debug|Any CPU = Debug|Any CPU
		Release|Any CPU = Release|Any CPU
	EndGlobalSection
	GlobalSection(ProjectConfigurationPlatforms) = postSolution
		{2E0DC319-253A-47AC-992A-6DAD155F2048}.Debug|Any CPU.ActiveCfg = Debug|Any CPU
		{2E0DC319-253A-47AC-992A-6DAD155F2048}.Debug|Any CPU.Build.0 = Debug|Any CPU
		{2E0DC319-253A-47AC-992A-6DAD155F2048}.Release|Any CPU.ActiveCfg = Release|Any CPU
		{2E0DC319-253A-47AC-992A-6DAD155F2048}.Release|Any CPU.Build.0 = Release|Any CPU
	EndGlobalSection
	GlobalSection(SolutionProperties) = preSolution
		HideSolutionNode = FALSE
	EndGlobalSection
	GlobalSection(ExtensibilityGlobals) = postSolution
		SolutionGuid = {728D17D7-774E-435F-885E-E4E5B3ED3352}
	EndGlobalSection
EndGlobal
